
Microsoft Visual Studio Solution File, Format Version 12.00
# Visual Studio 2013
VisualStudioVersion = 12.0.21005.1
MinimumVisualStudioVersion = 10.0.40219.1
Project("{FAE04EC0-301F-11D3-BF4B-00C04F79EFBC}") = "DonanımKontrol", "DonanımKontrol\DonanımKontrol.csproj", "{A5419EB9-82D3-4880-B4C6-863CA8A726DE}"
EndProject
Global
	GlobalSection(SolutionConfigurationPlatforms) = preSolution
		Debug|Any CPU = Debug|Any CPU
		Release|Any CPU = Release|Any CPU
	EndGlobalSection
	GlobalSection(ProjectConfigurationPlatforms) = postSolution
		{A5419EB9-82D3-4880-B4C6-863CA8A726DE}.Debug|Any CPU.ActiveCfg = Debug|Any CPU
		{A5419EB9-82D3-4880-B4C6-863CA8A726DE}.Debug|Any CPU.Build.0 = Debug|Any CPU
		{A5419EB9-82D3-4880-B4C6-863CA8A726DE}.Release|Any CPU.ActiveCfg = Release|Any CPU
		{A5419EB9-82D3-4880-B4C6-863CA8A726DE}.Release|Any CPU.Build.0 = Release|Any CPU
	EndGlobalSection
	GlobalSection(SolutionProperties) = preSolution
		HideSolutionNode = FALSE
	EndGlobalSection
EndGlobal
